
Microsoft Visual Studio Solution File, Format Version 12.00
# Visual Studio 14
VisualStudioVersion = 14.0.25420.1
MinimumVisualStudioVersion = 10.0.40219.1
Project("{FAE04EC0-301F-11D3-BF4B-00C04F79EFBC}") = "HelloWorld", "HelloWorld\HelloWorld.csproj", "{EBB25E70-7CFE-4528-95EB-291D00D3B999}"
EndProject
Project("{FAE04EC0-301F-11D3-BF4B-00C04F79EFBC}") = "HelloWorldTests", "HelloWorldTests\HelloWorldTests.csproj", "{CCDCD6EE-834B-4BC6-B166-91F2C54DC901}"
EndProject
Global
	GlobalSection(SolutionConfigurationPlatforms) = preSolution
		Debug|Any CPU = Debug|Any CPU
		Release|Any CPU = Release|Any CPU
	EndGlobalSection
	GlobalSection(ProjectConfigurationPlatforms) = postSolution
		{EBB25E70-7CFE-4528-95EB-291D00D3B999}.Debug|Any CPU.ActiveCfg = Debug|Any CPU
		{EBB25E70-7CFE-4528-95EB-291D00D3B999}.Debug|Any CPU.Build.0 = Debug|Any CPU
		{EBB25E70-7CFE-4528-95EB-291D00D3B999}.Release|Any CPU.ActiveCfg = Release|Any CPU
		{EBB25E70-7CFE-4528-95EB-291D00D3B999}.Release|Any CPU.Build.0 = Release|Any CPU
		{CCDCD6EE-834B-4BC6-B166-91F2C54DC901}.Debug|Any CPU.ActiveCfg = Debug|Any CPU
		{CCDCD6EE-834B-4BC6-B166-91F2C54DC901}.Debug|Any CPU.Build.0 = Debug|Any CPU
		{CCDCD6EE-834B-4BC6-B166-91F2C54DC901}.Release|Any CPU.ActiveCfg = Release|Any CPU
		{CCDCD6EE-834B-4BC6-B166-91F2C54DC901}.Release|Any CPU.Build.0 = Release|Any CPU
	EndGlobalSection
	GlobalSection(SolutionProperties) = preSolution
		HideSolutionNode = FALSE
	EndGlobalSection
EndGlobal
